// !$*UTF8*$!
{
	archiveVersion = 1;
	classes = {
	};
	objectVersion = 48;
	objects = {

/* Begin PBXBuildFile section */
		AE12DC4E21C3FC7F00656B08 /* AppDelegate.swift in Sources */ = {isa = PBXBuildFile; fileRef = AE12DC4D21C3FC7F00656B08 /* AppDelegate.swift */; };
		AE12DC5021C3FC7F00656B08 /* ViewController.swift in Sources */ = {isa = PBXBuildFile; fileRef = AE12DC4F21C3FC7F00656B08 /* ViewController.swift */; };
		AE12DC5221C3FC7F00656B08 /* Assets.xcassets in Resources */ = {isa = PBXBuildFile; fileRef = AE12DC5121C3FC7F00656B08 /* Assets.xcassets */; };
		AE12DC5521C3FC7F00656B08 /* Main.storyboard in Resources */ = {isa = PBXBuildFile; fileRef = AE12DC5321C3FC7F00656B08 /* Main.storyboard */; };
		AE12DC5E21C3FD6A00656B08 /* StatusItemController.swift in Sources */ = {isa = PBXBuildFile; fileRef = AE12DC5D21C3FD6A00656B08 /* StatusItemController.swift */; };
		AE12DC6021C4034F00656B08 /* StatusBarView.swift in Sources */ = {isa = PBXBuildFile; fileRef = AE12DC5F21C4034F00656B08 /* StatusBarView.swift */; };
		AE12DC6221C4084600656B08 /* ffmpeg in Resources */ = {isa = PBXBuildFile; fileRef = AE12DC6121C4084600656B08 /* ffmpeg */; };
		AE12DC6421C410A700656B08 /* ProcessViewController.swift in Sources */ = {isa = PBXBuildFile; fileRef = AE12DC6321C410A700656B08 /* ProcessViewController.swift */; };
		AE2B680F27B028D400B04888 /* ImageController.swift in Sources */ = {isa = PBXBuildFile; fileRef = AE2B680E27B028D400B04888 /* ImageController.swift */; };
		AE9A9E1924340EC8006912EE /* Preferences.swift in Sources */ = {isa = PBXBuildFile; fileRef = AE9A9E1824340EC8006912EE /* Preferences.swift */; };
		AE9A9E1C24340F5A006912EE /* PreferencesController.swift in Sources */ = {isa = PBXBuildFile; fileRef = AE9A9E1B24340F5A006912EE /* PreferencesController.swift */; };
		AE9A9E1E243413A0006912EE /* CRFHelpBtnController.swift in Sources */ = {isa = PBXBuildFile; fileRef = AE9A9E1D243413A0006912EE /* CRFHelpBtnController.swift */; };
		AE9A9E2024341424006912EE /* CRFSliderController.swift in Sources */ = {isa = PBXBuildFile; fileRef = AE9A9E1F24341424006912EE /* CRFSliderController.swift */; };
		AEBD644A2435D65800DB85A1 /* SettingsViewController.swift in Sources */ = {isa = PBXBuildFile; fileRef = AEBD64492435D65800DB85A1 /* SettingsViewController.swift */; };
		AEBD644D2435D67200DB85A1 /* ConvertingViewController.swift in Sources */ = {isa = PBXBuildFile; fileRef = AEBD644B2435D67200DB85A1 /* ConvertingViewController.swift */; };
		AEBD64502435D6B800DB85A1 /* PopoverViewController.swift in Sources */ = {isa = PBXBuildFile; fileRef = AEBD644F2435D6B800DB85A1 /* PopoverViewController.swift */; };
/* End PBXBuildFile section */

/* Begin PBXFileReference section */
		AE12DC4A21C3FC7F00656B08 /* Simple Convertion.app */ = {isa = PBXFileReference; explicitFileType = wrapper.application; includeInIndex = 0; path = "Simple Convertion.app"; sourceTree = BUILT_PRODUCTS_DIR; };
		AE12DC4D21C3FC7F00656B08 /* AppDelegate.swift */ = {isa = PBXFileReference; lastKnownFileType = sourcecode.swift; path = AppDelegate.swift; sourceTree = "<group>"; };
		AE12DC4F21C3FC7F00656B08 /* ViewController.swift */ = {isa = PBXFileReference; lastKnownFileType = sourcecode.swift; path = ViewController.swift; sourceTree = "<group>"; };
		AE12DC5121C3FC7F00656B08 /* Assets.xcassets */ = {isa = PBXFileReference; lastKnownFileType = folder.assetcatalog; path = Assets.xcassets; sourceTree = "<group>"; };
		AE12DC5421C3FC7F00656B08 /* Base */ = {isa = PBXFileReference; lastKnownFileType = file.storyboard; name = Base; path = Base.lproj/Main.storyboard; sourceTree = "<group>"; };
		AE12DC5621C3FC7F00656B08 /* Info.plist */ = {isa = PBXFileReference; lastKnownFileType = text.plist.xml; path = Info.plist; sourceTree = "<group>"; };
		AE12DC5721C3FC7F00656B08 /* Simple_Convertion.entitlements */ = {isa = PBXFileReference; lastKnownFileType = text.plist.entitlements; path = Simple_Convertion.entitlements; sourceTree = "<group>"; };
		AE12DC5D21C3FD6A00656B08 /* StatusItemController.swift */ = {isa = PBXFileReference; lastKnownFileType = sourcecode.swift; path = StatusItemController.swift; sourceTree = "<group>"; };
		AE12DC5F21C4034F00656B08 /* StatusBarView.swift */ = {isa = PBXFileReference; lastKnownFileType = sourcecode.swift; path = StatusBarView.swift; sourceTree = "<group>"; };
		AE12DC6121C4084600656B08 /* ffmpeg */ = {isa = PBXFileReference; lastKnownFileType = "compiled.mach-o.executable"; path = ffmpeg; sourceTree = "<group>"; };
		AE12DC6321C410A700656B08 /* ProcessViewController.swift */ = {isa = PBXFileReference; lastKnownFileType = sourcecode.swift; path = ProcessViewController.swift; sourceTree = "<group>"; };
		AE2B680E27B028D400B04888 /* ImageController.swift */ = {isa = PBXFileReference; lastKnownFileType = sourcecode.swift; path = ImageController.swift; sourceTree = "<group>"; };
		AE9A9E1824340EC8006912EE /* Preferences.swift */ = {isa = PBXFileReference; lastKnownFileType = sourcecode.swift; path = Preferences.swift; sourceTree = "<group>"; };
		AE9A9E1B24340F5A006912EE /* PreferencesController.swift */ = {isa = PBXFileReference; lastKnownFileType = sourcecode.swift; path = PreferencesController.swift; sourceTree = "<group>"; };
		AE9A9E1D243413A0006912EE /* CRFHelpBtnController.swift */ = {isa = PBXFileReference; lastKnownFileType = sourcecode.swift; path = CRFHelpBtnController.swift; sourceTree = "<group>"; };
		AE9A9E1F24341424006912EE /* CRFSliderController.swift */ = {isa = PBXFileReference; lastKnownFileType = sourcecode.swift; path = CRFSliderController.swift; sourceTree = "<group>"; };
		AEBD64492435D65800DB85A1 /* SettingsViewController.swift */ = {isa = PBXFileReference; lastKnownFileType = sourcecode.swift; path = SettingsViewController.swift; sourceTree = "<group>"; };
		AEBD644B2435D67200DB85A1 /* ConvertingViewController.swift */ = {isa = PBXFileReference; lastKnownFileType = sourcecode.swift; path = ConvertingViewController.swift; sourceTree = "<group>"; };
		AEBD644F2435D6B800DB85A1 /* PopoverViewController.swift */ = {isa = PBXFileReference; lastKnownFileType = sourcecode.swift; path = PopoverViewController.swift; sourceTree = "<group>"; };
/* End PBXFileReference section */

/* Begin PBXFrameworksBuildPhase section */
		AE12DC4721C3FC7F00656B08 /* Frameworks */ = {
			isa = PBXFrameworksBuildPhase;
			buildActionMask = 2147483647;
			files = (
			);
			runOnlyForDeploymentPostprocessing = 0;
		};
/* End PBXFrameworksBuildPhase section */

/* Begin PBXGroup section */
		AE12DC4121C3FC7F00656B08 = {
			isa = PBXGroup;
			children = (
				AE12DC4C21C3FC7F00656B08 /* Simple Convertion */,
				AE12DC4B21C3FC7F00656B08 /* Products */,
			);
			sourceTree = "<group>";
		};
		AE12DC4B21C3FC7F00656B08 /* Products */ = {
			isa = PBXGroup;
			children = (
				AE12DC4A21C3FC7F00656B08 /* Simple Convertion.app */,
			);
			name = Products;
			sourceTree = "<group>";
		};
		AE12DC4C21C3FC7F00656B08 /* Simple Convertion */ = {
			isa = PBXGroup;
			children = (
				AEBD64512435D73500DB85A1 /* Views */,
				AE9A9E1A24340F44006912EE /* Controllers */,
				AE9A9E1724340EB8006912EE /* Classes */,
				AE12DC6121C4084600656B08 /* ffmpeg */,
				AE12DC4D21C3FC7F00656B08 /* AppDelegate.swift */,
				AE12DC4F21C3FC7F00656B08 /* ViewController.swift */,
				AE12DC5121C3FC7F00656B08 /* Assets.xcassets */,
				AE12DC5321C3FC7F00656B08 /* Main.storyboard */,
				AE12DC5621C3FC7F00656B08 /* Info.plist */,
				AE12DC5721C3FC7F00656B08 /* Simple_Convertion.entitlements */,
			);
			path = "Simple Convertion";
			sourceTree = "<group>";
		};
		AE9A9E1724340EB8006912EE /* Classes */ = {
			isa = PBXGroup;
			children = (
				AE9A9E1824340EC8006912EE /* Preferences.swift */,
			);
			path = Classes;
			sourceTree = "<group>";
		};
		AE9A9E1A24340F44006912EE /* Controllers */ = {
			isa = PBXGroup;
			children = (
				AEBD64492435D65800DB85A1 /* SettingsViewController.swift */,
				AEBD644F2435D6B800DB85A1 /* PopoverViewController.swift */,
				AE12DC5D21C3FD6A00656B08 /* StatusItemController.swift */,
				AE12DC6321C410A700656B08 /* ProcessViewController.swift */,
				AE9A9E1B24340F5A006912EE /* PreferencesController.swift */,
				AE9A9E1D243413A0006912EE /* CRFHelpBtnController.swift */,
				AE9A9E1F24341424006912EE /* CRFSliderController.swift */,
				AEBD644B2435D67200DB85A1 /* ConvertingViewController.swift */,
				AE2B680E27B028D400B04888 /* ImageController.swift */,
			);
			path = Controllers;
			sourceTree = "<group>";
		};
		AEBD64512435D73500DB85A1 /* Views */ = {
			isa = PBXGroup;
			children = (
				AE12DC5F21C4034F00656B08 /* StatusBarView.swift */,
			);
			path = Views;
			sourceTree = "<group>";
		};
/* End PBXGroup section */

/* Begin PBXNativeTarget section */
		AE12DC4921C3FC7F00656B08 /* Simple Convertion */ = {
			isa = PBXNativeTarget;
			buildConfigurationList = AE12DC5A21C3FC7F00656B08 /* Build configuration list for PBXNativeTarget "Simple Convertion" */;
			buildPhases = (
				AE12DC4621C3FC7F00656B08 /* Sources */,
				AE12DC4721C3FC7F00656B08 /* Frameworks */,
				AE12DC4821C3FC7F00656B08 /* Resources */,
			);
			buildRules = (
			);
			dependencies = (
			);
			name = "Simple Convertion";
			productName = "Simple Convertion";
			productReference = AE12DC4A21C3FC7F00656B08 /* Simple Convertion.app */;
			productType = "com.apple.product-type.application";
		};
/* End PBXNativeTarget section */

/* Begin PBXProject section */
		AE12DC4221C3FC7F00656B08 /* Project object */ = {
			isa = PBXProject;
			attributes = {
				LastSwiftUpdateCheck = 0920;
				LastUpgradeCheck = 1320;
				ORGANIZATIONNAME = TiM;
				TargetAttributes = {
					AE12DC4921C3FC7F00656B08 = {
						CreatedOnToolsVersion = 9.2;
						LastSwiftMigration = 1320;
						ProvisioningStyle = Automatic;
						SystemCapabilities = {
							com.apple.Sandbox = {
								enabled = 0;
							};
						};
					};
				};
			};
			buildConfigurationList = AE12DC4521C3FC7F00656B08 /* Build configuration list for PBXProject "Simple Convertion" */;
			compatibilityVersion = "Xcode 8.0";
			developmentRegion = en;
			hasScannedForEncodings = 0;
			knownRegions = (
				en,
				Base,
			);
			mainGroup = AE12DC4121C3FC7F00656B08;
			productRefGroup = AE12DC4B21C3FC7F00656B08 /* Products */;
			projectDirPath = "";
			projectRoot = "";
			targets = (
				AE12DC4921C3FC7F00656B08 /* Simple Convertion */,
			);
		};
/* End PBXProject section */

/* Begin PBXResourcesBuildPhase section */
		AE12DC4821C3FC7F00656B08 /* Resources */ = {
			isa = PBXResourcesBuildPhase;
			buildActionMask = 2147483647;
			files = (
				AE12DC5221C3FC7F00656B08 /* Assets.xcassets in Resources */,
				AE12DC6221C4084600656B08 /* ffmpeg in Resources */,
				AE12DC5521C3FC7F00656B08 /* Main.storyboard in Resources */,
			);
			runOnlyForDeploymentPostprocessing = 0;
		};
/* End PBXResourcesBuildPhase section */

/* Begin PBXSourcesBuildPhase section */
		AE12DC4621C3FC7F00656B08 /* Sources */ = {
			isa = PBXSourcesBuildPhase;
			buildActionMask = 2147483647;
			files = (
				AEBD644D2435D67200DB85A1 /* ConvertingViewController.swift in Sources */,
				AE12DC5021C3FC7F00656B08 /* ViewController.swift in Sources */,
				AE9A9E1E243413A0006912EE /* CRFHelpBtnController.swift in Sources */,
				AE12DC6421C410A700656B08 /* ProcessViewController.swift in Sources */,
				AEBD64502435D6B800DB85A1 /* PopoverViewController.swift in Sources */,
				AEBD644A2435D65800DB85A1 /* SettingsViewController.swift in Sources */,
				AE2B680F27B028D400B04888 /* ImageController.swift in Sources */,
				AE9A9E1924340EC8006912EE /* Preferences.swift in Sources */,
				AE12DC4E21C3FC7F00656B08 /* AppDelegate.swift in Sources */,
				AE12DC6021C4034F00656B08 /* StatusBarView.swift in Sources */,
				AE9A9E1C24340F5A006912EE /* PreferencesController.swift in Sources */,
				AE9A9E2024341424006912EE /* CRFSliderController.swift in Sources */,
				AE12DC5E21C3FD6A00656B08 /* StatusItemController.swift in Sources */,
			);
			runOnlyForDeploymentPostprocessing = 0;
		};
/* End PBXSourcesBuildPhase section */

/* Begin PBXVariantGroup section */
		AE12DC5321C3FC7F00656B08 /* Main.storyboard */ = {
			isa = PBXVariantGroup;
			children = (
				AE12DC5421C3FC7F00656B08 /* Base */,
			);
			name = Main.storyboard;
			sourceTree = "<group>";
		};
/* End PBXVariantGroup section */

/* Begin XCBuildConfiguration section */
		AE12DC5821C3FC7F00656B08 /* Debug */ = {
			isa = XCBuildConfiguration;
			buildSettings = {
				ALWAYS_SEARCH_USER_PATHS = NO;
				CLANG_ANALYZER_NONNULL = YES;
				CLANG_ANALYZER_NUMBER_OBJECT_CONVERSION = YES_AGGRESSIVE;
				CLANG_CXX_LANGUAGE_STANDARD = "gnu++14";
				CLANG_CXX_LIBRARY = "libc++";
				CLANG_ENABLE_MODULES = YES;
				CLANG_ENABLE_OBJC_ARC = YES;
				CLANG_WARN_BLOCK_CAPTURE_AUTORELEASING = YES;
				CLANG_WARN_BOOL_CONVERSION = YES;
				CLANG_WARN_COMMA = YES;
				CLANG_WARN_CONSTANT_CONVERSION = YES;
				CLANG_WARN_DEPRECATED_OBJC_IMPLEMENTATIONS = YES;
				CLANG_WARN_DIRECT_OBJC_ISA_USAGE = YES_ERROR;
				CLANG_WARN_DOCUMENTATION_COMMENTS = YES;
				CLANG_WARN_EMPTY_BODY = YES;
				CLANG_WARN_ENUM_CONVERSION = YES;
				CLANG_WARN_INFINITE_RECURSION = YES;
				CLANG_WARN_INT_CONVERSION = YES;
				CLANG_WARN_NON_LITERAL_NULL_CONVERSION = YES;
				CLANG_WARN_OBJC_IMPLICIT_RETAIN_SELF = YES;
				CLANG_WARN_OBJC_LITERAL_CONVERSION = YES;
				CLANG_WARN_OBJC_ROOT_CLASS = YES_ERROR;
				CLANG_WARN_QUOTED_INCLUDE_IN_FRAMEWORK_HEADER = YES;
				CLANG_WARN_RANGE_LOOP_ANALYSIS = YES;
				CLANG_WARN_STRICT_PROTOTYPES = YES;
				CLANG_WARN_SUSPICIOUS_MOVE = YES;
				CLANG_WARN_UNGUARDED_AVAILABILITY = YES_AGGRESSIVE;
				CLANG_WARN_UNREACHABLE_CODE = YES;
				CLANG_WARN__DUPLICATE_METHOD_MATCH = YES;
				CODE_SIGN_IDENTITY = "-";
				COPY_PHASE_STRIP = NO;
				DEBUG_INFORMATION_FORMAT = dwarf;
				ENABLE_STRICT_OBJC_MSGSEND = YES;
				ENABLE_TESTABILITY = YES;
				GCC_C_LANGUAGE_STANDARD = gnu11;
				GCC_DYNAMIC_NO_PIC = NO;
				GCC_NO_COMMON_BLOCKS = YES;
				GCC_OPTIMIZATION_LEVEL = 0;
				GCC_PREPROCESSOR_DEFINITIONS = (
					"DEBUG=1",
					"$(inherited)",
				);
				GCC_WARN_64_TO_32_BIT_CONVERSION = YES;
				GCC_WARN_ABOUT_RETURN_TYPE = YES_ERROR;
				GCC_WARN_UNDECLARED_SELECTOR = YES;
				GCC_WARN_UNINITIALIZED_AUTOS = YES_AGGRESSIVE;
				GCC_WARN_UNUSED_FUNCTION = YES;
				GCC_WARN_UNUSED_VARIABLE = YES;
				MACOSX_DEPLOYMENT_TARGET = 10.12;
				MTL_ENABLE_DEBUG_INFO = YES;
				ONLY_ACTIVE_ARCH = YES;
				SDKROOT = macosx;
				SWIFT_ACTIVE_COMPILATION_CONDITIONS = DEBUG;
				SWIFT_OPTIMIZATION_LEVEL = "-Onone";
			};
			name = Debug;
		};
		AE12DC5921C3FC7F00656B08 /* Release */ = {
			isa = XCBuildConfiguration;
			buildSettings = {
				ALWAYS_SEARCH_USER_PATHS = NO;
				CLANG_ANALYZER_NONNULL = YES;
				CLANG_ANALYZER_NUMBER_OBJECT_CONVERSION = YES_AGGRESSIVE;
				CLANG_CXX_LANGUAGE_STANDARD = "gnu++14";
				CLANG_CXX_LIBRARY = "libc++";
				CLANG_ENABLE_MODULES = YES;
				CLANG_ENABLE_OBJC_ARC = YES;
				CLANG_WARN_BLOCK_CAPTURE_AUTORELEASING = YES;
				CLANG_WARN_BOOL_CONVERSION = YES;
				CLANG_WARN_COMMA = YES;
				CLANG_WARN_CONSTANT_CONVERSION = YES;
				CLANG_WARN_DEPRECATED_OBJC_IMPLEMENTATIONS = YES;
				CLANG_WARN_DIRECT_OBJC_ISA_USAGE = YES_ERROR;
				CLANG_WARN_DOCUMENTATION_COMMENTS = YES;
				CLANG_WARN_EMPTY_BODY = YES;
				CLANG_WARN_ENUM_CONVERSION = YES;
				CLANG_WARN_INFINITE_RECURSION = YES;
				CLANG_WARN_INT_CONVERSION = YES;
				CLANG_WARN_NON_LITERAL_NULL_CONVERSION = YES;
				CLANG_WARN_OBJC_IMPLICIT_RETAIN_SELF = YES;
				CLANG_WARN_OBJC_LITERAL_CONVERSION = YES;
				CLANG_WARN_OBJC_ROOT_CLASS = YES_ERROR;
				CLANG_WARN_QUOTED_INCLUDE_IN_FRAMEWORK_HEADER = YES;
				CLANG_WARN_RANGE_LOOP_ANALYSIS = YES;
				CLANG_WARN_STRICT_PROTOTYPES = YES;
				CLANG_WARN_SUSPICIOUS_MOVE = YES;
				CLANG_WARN_UNGUARDED_AVAILABILITY = YES_AGGRESSIVE;
				CLANG_WARN_UNREACHABLE_CODE = YES;
				CLANG_WARN__DUPLICATE_METHOD_MATCH = YES;
				CODE_SIGN_IDENTITY = "-";
				COPY_PHASE_STRIP = NO;
				DEBUG_INFORMATION_FORMAT = "dwarf-with-dsym";
				ENABLE_NS_ASSERTIONS = NO;
				ENABLE_STRICT_OBJC_MSGSEND = YES;
				GCC_C_LANGUAGE_STANDARD = gnu11;
				GCC_NO_COMMON_BLOCKS = YES;
				GCC_WARN_64_TO_32_BIT_CONVERSION = YES;
				GCC_WARN_ABOUT_RETURN_TYPE = YES_ERROR;
				GCC_WARN_UNDECLARED_SELECTOR = YES;
				GCC_WARN_UNINITIALIZED_AUTOS = YES_AGGRESSIVE;
				GCC_WARN_UNUSED_FUNCTION = YES;
				GCC_WARN_UNUSED_VARIABLE = YES;
				MACOSX_DEPLOYMENT_TARGET = 10.12;
				MTL_ENABLE_DEBUG_INFO = NO;
				SDKROOT = macosx;
				SWIFT_OPTIMIZATION_LEVEL = "-Owholemodule";
			};
			name = Release;
		};
		AE12DC5B21C3FC7F00656B08 /* Debug */ = {
			isa = XCBuildConfiguration;
			buildSettings = {
				ASSETCATALOG_COMPILER_APPICON_NAME = AppIcon;
				CODE_SIGN_IDENTITY = "-";
				CODE_SIGN_STYLE = Automatic;
				COMBINE_HIDPI_IMAGES = YES;
				GCC_C_LANGUAGE_STANDARD = gnu99;
				HEADER_SEARCH_PATHS = "$(PROJECT_DIR)/include/*/**";
				INFOPLIST_FILE = "Simple Convertion/Info.plist";
				LD_RUNPATH_SEARCH_PATHS = "$(inherited) @executable_path/../Frameworks";
				LIBRARY_SEARCH_PATHS = "";
				MACOSX_DEPLOYMENT_TARGET = 10.11;
				MARKETING_VERSION = 1.1;
				PRODUCT_BUNDLE_IDENTIFIER = "com.timurko.Simple-Convertion";
				PRODUCT_NAME = "$(TARGET_NAME)";
				SWIFT_VERSION = 4.0;
			};
			name = Debug;
		};
		AE12DC5C21C3FC7F00656B08 /* Release */ = {
			isa = XCBuildConfiguration;
			buildSettings = {
				ASSETCATALOG_COMPILER_APPICON_NAME = AppIcon;
				CODE_SIGN_IDENTITY = "-";
				CODE_SIGN_STYLE = Automatic;
				COMBINE_HIDPI_IMAGES = YES;
				GCC_C_LANGUAGE_STANDARD = gnu99;
				HEADER_SEARCH_PATHS = "$(PROJECT_DIR)/include/*/**";
				INFOPLIST_FILE = "Simple Convertion/Info.plist";
				LD_RUNPATH_SEARCH_PATHS = "$(inherited) @executable_path/../Frameworks";
				LIBRARY_SEARCH_PATHS = "";
				MACOSX_DEPLOYMENT_TARGET = 10.11;
				MARKETING_VERSION = 1.1;
				PRODUCT_BUNDLE_IDENTIFIER = "com.timurko.Simple-Convertion";
				PRODUCT_NAME = "$(TARGET_NAME)";
				SWIFT_VERSION = 4.0;
			};
			name = Release;
		};
/* End XCBuildConfiguration section */

/* Begin XCConfigurationList section */
		AE12DC4521C3FC7F00656B08 /* Build configuration list for PBXProject "Simple Convertion" */ = {
			isa = XCConfigurationList;
			buildConfigurations = (
				AE12DC5821C3FC7F00656B08 /* Debug */,
				AE12DC5921C3FC7F00656B08 /* Release */,
			);
			defaultConfigurationIsVisible = 0;
			defaultConfigurationName = Release;
		};
		AE12DC5A21C3FC7F00656B08 /* Build configuration list for PBXNativeTarget "Simple Convertion" */ = {
			isa = XCConfigurationList;
			buildConfigurations = (
				AE12DC5B21C3FC7F00656B08 /* Debug */,
				AE12DC5C21C3FC7F00656B08 /* Release */,
			);
			defaultConfigurationIsVisible = 0;
			defaultConfigurationName = Release;
		};
/* End XCConfigurationList section */
	};
	rootObject = AE12DC4221C3FC7F00656B08 /* Project object */;
}
